// !$*UTF8*$!
{
	archiveVersion = 1;
	classes = {
	};
	objectVersion = 46;
	objects = {

/* Begin PBXBuildFile section */
		08E392D81A64F0B30078446B /* AppDelegate.swift in Sources */ = {isa = PBXBuildFile; fileRef = 08E392D71A64F0B30078446B /* AppDelegate.swift */; };
		08E392DA1A64F0B30078446B /* ViewController.swift in Sources */ = {isa = PBXBuildFile; fileRef = 08E392D91A64F0B30078446B /* ViewController.swift */; };
		08E392DD1A64F0B30078446B /* Main.storyboard in Resources */ = {isa = PBXBuildFile; fileRef = 08E392DB1A64F0B30078446B /* Main.storyboard */; };
		08E392DF1A64F0B30078446B /* Images.xcassets in Resources */ = {isa = PBXBuildFile; fileRef = 08E392DE1A64F0B30078446B /* Images.xcassets */; };
		08E392E21A64F0B30078446B /* LaunchScreen.xib in Resources */ = {isa = PBXBuildFile; fileRef = 08E392E01A64F0B30078446B /* LaunchScreen.xib */; };
		08E392EE1A64F0B30078446B /* LightTests.swift in Sources */ = {isa = PBXBuildFile; fileRef = 08E392ED1A64F0B30078446B /* LightTests.swift */; };
/* End PBXBuildFile section */

/* Begin PBXContainerItemProxy section */
		08E392E81A64F0B30078446B /* PBXContainerItemProxy */ = {
			isa = PBXContainerItemProxy;
			containerPortal = 08E392CA1A64F0B30078446B /* Project object */;
			proxyType = 1;
			remoteGlobalIDString = 08E392D11A64F0B30078446B;
			remoteInfo = Light;
		};
/* End PBXContainerItemProxy section */

/* Begin PBXFileReference section */
		08E392D21A64F0B30078446B /* Light.app */ = {isa = PBXFileReference; explicitFileType = wrapper.application; includeInIndex = 0; path = Light.app; sourceTree = BUILT_PRODUCTS_DIR; };
		08E392D61A64F0B30078446B /* Info.plist */ = {isa = PBXFileReference; lastKnownFileType = text.plist.xml; path = Info.plist; sourceTree = "<group>"; };
		08E392D71A64F0B30078446B /* AppDelegate.swift */ = {isa = PBXFileReference; lastKnownFileType = sourcecode.swift; path = AppDelegate.swift; sourceTree = "<group>"; };
		08E392D91A64F0B30078446B /* ViewController.swift */ = {isa = PBXFileReference; lastKnownFileType = sourcecode.swift; path = ViewController.swift; sourceTree = "<group>"; };
		08E392DC1A64F0B30078446B /* Base */ = {isa = PBXFileReference; lastKnownFileType = file.storyboard; name = Base; path = Base.lproj/Main.storyboard; sourceTree = "<group>"; };
		08E392DE1A64F0B30078446B /* Images.xcassets */ = {isa = PBXFileReference; lastKnownFileType = folder.assetcatalog; path = Images.xcassets; sourceTree = "<group>"; };
		08E392E11A64F0B30078446B /* Base */ = {isa = PBXFileReference; lastKnownFileType = file.xib; name = Base; path = Base.lproj/LaunchScreen.xib; sourceTree = "<group>"; };
		08E392E71A64F0B30078446B /* LightTests.xctest */ = {isa = PBXFileReference; explicitFileType = wrapper.cfbundle; includeInIndex = 0; path = LightTests.xctest; sourceTree = BUILT_PRODUCTS_DIR; };
		08E392EC1A64F0B30078446B /* Info.plist */ = {isa = PBXFileReference; lastKnownFileType = text.plist.xml; path = Info.plist; sourceTree = "<group>"; };
		08E392ED1A64F0B30078446B /* LightTests.swift */ = {isa = PBXFileReference; lastKnownFileType = sourcecode.swift; path = LightTests.swift; sourceTree = "<group>"; };
/* End PBXFileReference section */

/* Begin PBXFrameworksBuildPhase section */
		08E392CF1A64F0B30078446B /* Frameworks */ = {
			isa = PBXFrameworksBuildPhase;
			buildActionMask = 2147483647;
			files = (
			);
			runOnlyForDeploymentPostprocessing = 0;
		};
		08E392E41A64F0B30078446B /* Frameworks */ = {
			isa = PBXFrameworksBuildPhase;
			buildActionMask = 2147483647;
			files = (
			);
			runOnlyForDeploymentPostprocessing = 0;
		};
/* End PBXFrameworksBuildPhase section */

/* Begin PBXGroup section */
		08E392C91A64F0B30078446B = {
			isa = PBXGroup;
			children = (
				08E392D41A64F0B30078446B /* Light */,
				08E392EA1A64F0B30078446B /* LightTests */,
				08E392D31A64F0B30078446B /* Products */,
			);
			sourceTree = "<group>";
		};
		08E392D31A64F0B30078446B /* Products */ = {
			isa = PBXGroup;
			children = (
				08E392D21A64F0B30078446B /* Light.app */,
				08E392E71A64F0B30078446B /* LightTests.xctest */,
			);
			name = Products;
			sourceTree = "<group>";
		};
		08E392D41A64F0B30078446B /* Light */ = {
			isa = PBXGroup;
			children = (
				08E392D71A64F0B30078446B /* AppDelegate.swift */,
				08E392D91A64F0B30078446B /* ViewController.swift */,
				08E392DB1A64F0B30078446B /* Main.storyboard */,
				08E392DE1A64F0B30078446B /* Images.xcassets */,
				08E392E01A64F0B30078446B /* LaunchScreen.xib */,
				08E392D51A64F0B30078446B /* Supporting Files */,
			);
			path = Light;
			sourceTree = "<group>";
		};
		08E392D51A64F0B30078446B /* Supporting Files */ = {
			isa = PBXGroup;
			children = (
				08E392D61A64F0B30078446B /* Info.plist */,
			);
			name = "Supporting Files";
			sourceTree = "<group>";
		};
		08E392EA1A64F0B30078446B /* LightTests */ = {
			isa = PBXGroup;
			children = (
				08E392ED1A64F0B30078446B /* LightTests.swift */,
				08E392EB1A64F0B30078446B /* Supporting Files */,
			);
			path = LightTests;
			sourceTree = "<group>";
		};
		08E392EB1A64F0B30078446B /* Supporting Files */ = {
			isa = PBXGroup;
			children = (
				08E392EC1A64F0B30078446B /* Info.plist */,
			);
			name = "Supporting Files";
			sourceTree = "<group>";
		};
/* End PBXGroup section */

/* Begin PBXNativeTarget section */
		08E392D11A64F0B30078446B /* Light */ = {
			isa = PBXNativeTarget;
			buildConfigurationList = 08E392F11A64F0B30078446B /* Build configuration list for PBXNativeTarget "Light" */;
			buildPhases = (
				08E392CE1A64F0B30078446B /* Sources */,
				08E392CF1A64F0B30078446B /* Frameworks */,
				08E392D01A64F0B30078446B /* Resources */,
			);
			buildRules = (
			);
			dependencies = (
			);
			name = Light;
			productName = Light;
			productReference = 08E392D21A64F0B30078446B /* Light.app */;
			productType = "com.apple.product-type.application";
		};
		08E392E61A64F0B30078446B /* LightTests */ = {
			isa = PBXNativeTarget;
			buildConfigurationList = 08E392F41A64F0B30078446B /* Build configuration list for PBXNativeTarget "LightTests" */;
			buildPhases = (
				08E392E31A64F0B30078446B /* Sources */,
				08E392E41A64F0B30078446B /* Frameworks */,
				08E392E51A64F0B30078446B /* Resources */,
			);
			buildRules = (
			);
			dependencies = (
				08E392E91A64F0B30078446B /* PBXTargetDependency */,
			);
			name = LightTests;
			productName = LightTests;
			productReference = 08E392E71A64F0B30078446B /* LightTests.xctest */;
			productType = "com.apple.product-type.bundle.unit-test";
		};
/* End PBXNativeTarget section */

/* Begin PBXProject section */
		08E392CA1A64F0B30078446B /* Project object */ = {
			isa = PBXProject;
			attributes = {
				LastUpgradeCheck = 0610;
				ORGANIZATIONNAME = 0806564;
				TargetAttributes = {
					08E392D11A64F0B30078446B = {
						CreatedOnToolsVersion = 6.1.1;
					};
					08E392E61A64F0B30078446B = {
						CreatedOnToolsVersion = 6.1.1;
						TestTargetID = 08E392D11A64F0B30078446B;
					};
				};
			};
			buildConfigurationList = 08E392CD1A64F0B30078446B /* Build configuration list for PBXProject "Light" */;
			compatibilityVersion = "Xcode 3.2";
			developmentRegion = English;
			hasScannedForEncodings = 0;
			knownRegions = (
				en,
				Base,
			);
			mainGroup = 08E392C91A64F0B30078446B;
			productRefGroup = 08E392D31A64F0B30078446B /* Products */;
			projectDirPath = "";
			projectRoot = "";
			targets = (
				08E392D11A64F0B30078446B /* Light */,
				08E392E61A64F0B30078446B /* LightTests */,
			);
		};
/* End PBXProject section */

/* Begin PBXResourcesBuildPhase section */
		08E392D01A64F0B30078446B /* Resources */ = {
			isa = PBXResourcesBuildPhase;
			buildActionMask = 2147483647;
			files = (
				08E392DD1A64F0B30078446B /* Main.storyboard in Resources */,
				08E392E21A64F0B30078446B /* LaunchScreen.xib in Resources */,
				08E392DF1A64F0B30078446B /* Images.xcassets in Resources */,
			);
			runOnlyForDeploymentPostprocessing = 0;
		};
		08E392E51A64F0B30078446B /* Resources */ = {
			isa = PBXResourcesBuildPhase;
			buildActionMask = 2147483647;
			files = (
			);
			runOnlyForDeploymentPostprocessing = 0;
		};
/* End PBXResourcesBuildPhase section */

/* Begin PBXSourcesBuildPhase section */
		08E392CE1A64F0B30078446B /* Sources */ = {
			isa = PBXSourcesBuildPhase;
			buildActionMask = 2147483647;
			files = (
				08E392DA1A64F0B30078446B /* ViewController.swift in Sources */,
				08E392D81A64F0B30078446B /* AppDelegate.swift in Sources */,
			);
			runOnlyForDeploymentPostprocessing = 0;
		};
		08E392E31A64F0B30078446B /* Sources */ = {
			isa = PBXSourcesBuildPhase;
			buildActionMask = 2147483647;
			files = (
				08E392EE1A64F0B30078446B /* LightTests.swift in Sources */,
			);
			runOnlyForDeploymentPostprocessing = 0;
		};
/* End PBXSourcesBuildPhase section */

/* Begin PBXTargetDependency section */
		08E392E91A64F0B30078446B /* PBXTargetDependency */ = {
			isa = PBXTargetDependency;
			target = 08E392D11A64F0B30078446B /* Light */;
			targetProxy = 08E392E81A64F0B30078446B /* PBXContainerItemProxy */;
		};
/* End PBXTargetDependency section */

/* Begin PBXVariantGroup section */
		08E392DB1A64F0B30078446B /* Main.storyboard */ = {
			isa = PBXVariantGroup;
			children = (
				08E392DC1A64F0B30078446B /* Base */,
			);
			name = Main.storyboard;
			sourceTree = "<group>";
		};
		08E392E01A64F0B30078446B /* LaunchScreen.xib */ = {
			isa = PBXVariantGroup;
			children = (
				08E392E11A64F0B30078446B /* Base */,
			);
			name = LaunchScreen.xib;
			sourceTree = "<group>";
		};
/* End PBXVariantGroup section */

/* Begin XCBuildConfiguration section */
		08E392EF1A64F0B30078446B /* Debug */ = {
			isa = XCBuildConfiguration;
			buildSettings = {
				ALWAYS_SEARCH_USER_PATHS = NO;
				CLANG_CXX_LANGUAGE_STANDARD = "gnu++0x";
				CLANG_CXX_LIBRARY = "libc++";
				CLANG_ENABLE_MODULES = YES;
				CLANG_ENABLE_OBJC_ARC = YES;
				CLANG_WARN_BOOL_CONVERSION = YES;
				CLANG_WARN_CONSTANT_CONVERSION = YES;
				CLANG_WARN_DIRECT_OBJC_ISA_USAGE = YES_ERROR;
				CLANG_WARN_EMPTY_BODY = YES;
				CLANG_WARN_ENUM_CONVERSION = YES;
				CLANG_WARN_INT_CONVERSION = YES;
				CLANG_WARN_OBJC_ROOT_CLASS = YES_ERROR;
				CLANG_WARN_UNREACHABLE_CODE = YES;
				CLANG_WARN__DUPLICATE_METHOD_MATCH = YES;
				"CODE_SIGN_IDENTITY[sdk=iphoneos*]" = "iPhone Developer";
				COPY_PHASE_STRIP = NO;
				ENABLE_STRICT_OBJC_MSGSEND = YES;
				GCC_C_LANGUAGE_STANDARD = gnu99;
				GCC_DYNAMIC_NO_PIC = NO;
				GCC_OPTIMIZATION_LEVEL = 0;
				GCC_PREPROCESSOR_DEFINITIONS = (
					"DEBUG=1",
					"$(inherited)",
				);
				GCC_SYMBOLS_PRIVATE_EXTERN = NO;
				GCC_WARN_64_TO_32_BIT_CONVERSION = YES;
				GCC_WARN_ABOUT_RETURN_TYPE = YES_ERROR;
				GCC_WARN_UNDECLARED_SELECTOR = YES;
				GCC_WARN_UNINITIALIZED_AUTOS = YES_AGGRESSIVE;
				GCC_WARN_UNUSED_FUNCTION = YES;
				GCC_WARN_UNUSED_VARIABLE = YES;
				IPHONEOS_DEPLOYMENT_TARGET = 8.1;
				MTL_ENABLE_DEBUG_INFO = YES;
				ONLY_ACTIVE_ARCH = YES;
				SDKROOT = iphoneos;
				SWIFT_OPTIMIZATION_LEVEL = "-Onone";
			};
			name = Debug;
		};
		08E392F01A64F0B30078446B /* Release */ = {
			isa = XCBuildConfiguration;
			buildSettings = {
				ALWAYS_SEARCH_USER_PATHS = NO;
				CLANG_CXX_LANGUAGE_STANDARD = "gnu++0x";
				CLANG_CXX_LIBRARY = "libc++";
				CLANG_ENABLE_MODULES = YES;
				CLANG_ENABLE_OBJC_ARC = YES;
				CLANG_WARN_BOOL_CONVERSION = YES;
				CLANG_WARN_CONSTANT_CONVERSION = YES;
				CLANG_WARN_DIRECT_OBJC_ISA_USAGE = YES_ERROR;
				CLANG_WARN_EMPTY_BODY = YES;
				CLANG_WARN_ENUM_CONVERSION = YES;
				CLANG_WARN_INT_CONVERSION = YES;
				CLANG_WARN_OBJC_ROOT_CLASS = YES_ERROR;
				CLANG_WARN_UNREACHABLE_CODE = YES;
				CLANG_WARN__DUPLICATE_METHOD_MATCH = YES;
				"CODE_SIGN_IDENTITY[sdk=iphoneos*]" = "iPhone Developer";
				COPY_PHASE_STRIP = YES;
				ENABLE_NS_ASSERTIONS = NO;
				ENABLE_STRICT_OBJC_MSGSEND = YES;
				GCC_C_LANGUAGE_STANDARD = gnu99;
				GCC_WARN_64_TO_32_BIT_CONVERSION = YES;
				GCC_WARN_ABOUT_RETURN_TYPE = YES_ERROR;
				GCC_WARN_UNDECLARED_SELECTOR = YES;
				GCC_WARN_UNINITIALIZED_AUTOS = YES_AGGRESSIVE;
				GCC_WARN_UNUSED_FUNCTION = YES;
				GCC_WARN_UNUSED_VARIABLE = YES;
				IPHONEOS_DEPLOYMENT_TARGET = 8.1;
				MTL_ENABLE_DEBUG_INFO = NO;
				SDKROOT = iphoneos;
				VALIDATE_PRODUCT = YES;
			};
			name = Release;
		};
		08E392F21A64F0B30078446B /* Debug */ = {
			isa = XCBuildConfiguration;
			buildSettings = {
				ASSETCATALOG_COMPILER_APPICON_NAME = AppIcon;
				INFOPLIST_FILE = Light/Info.plist;
				LD_RUNPATH_SEARCH_PATHS = "$(inherited) @executable_path/Frameworks";
				PRODUCT_NAME = "$(TARGET_NAME)";
			};
			name = Debug;
		};
		08E392F31A64F0B30078446B /* Release */ = {
			isa = XCBuildConfiguration;
			buildSettings = {
				ASSETCATALOG_COMPILER_APPICON_NAME = AppIcon;
				INFOPLIST_FILE = Light/Info.plist;
				LD_RUNPATH_SEARCH_PATHS = "$(inherited) @executable_path/Frameworks";
				PRODUCT_NAME = "$(TARGET_NAME)";
			};
			name = Release;
		};
		08E392F51A64F0B30078446B /* Debug */ = {
			isa = XCBuildConfiguration;
			buildSettings = {
				BUNDLE_LOADER = "$(TEST_HOST)";
				FRAMEWORK_SEARCH_PATHS = (
					"$(SDKROOT)/Developer/Library/Frameworks",
					"$(inherited)",
				);
				GCC_PREPROCESSOR_DEFINITIONS = (
					"DEBUG=1",
					"$(inherited)",
				);
				INFOPLIST_FILE = LightTests/Info.plist;
				LD_RUNPATH_SEARCH_PATHS = "$(inherited) @executable_path/Frameworks @loader_path/Frameworks";
				PRODUCT_NAME = "$(TARGET_NAME)";
				TEST_HOST = "$(BUILT_PRODUCTS_DIR)/Light.app/Light";
			};
			name = Debug;
		};
		08E392F61A64F0B30078446B /* Release */ = {
			isa = XCBuildConfiguration;
			buildSettings = {
				BUNDLE_LOADER = "$(TEST_HOST)";
				FRAMEWORK_SEARCH_PATHS = (
					"$(SDKROOT)/Developer/Library/Frameworks",
					"$(inherited)",
				);
				INFOPLIST_FILE = LightTests/Info.plist;
				LD_RUNPATH_SEARCH_PATHS = "$(inherited) @executable_path/Frameworks @loader_path/Frameworks";
				PRODUCT_NAME = "$(TARGET_NAME)";
				TEST_HOST = "$(BUILT_PRODUCTS_DIR)/Light.app/Light";
			};
			name = Release;
		};
/* End XCBuildConfiguration section */

/* Begin XCConfigurationList section */
		08E392CD1A64F0B30078446B /* Build configuration list for PBXProject "Light" */ = {
			isa = XCConfigurationList;
			buildConfigurations = (
				08E392EF1A64F0B30078446B /* Debug */,
				08E392F01A64F0B30078446B /* Release */,
			);
			defaultConfigurationIsVisible = 0;
			defaultConfigurationName = Release;
		};
		08E392F11A64F0B30078446B /* Build configuration list for PBXNativeTarget "Light" */ = {
			isa = XCConfigurationList;
			buildConfigurations = (
				08E392F21A64F0B30078446B /* Debug */,
				08E392F31A64F0B30078446B /* Release */,
			);
			defaultConfigurationIsVisible = 0;
		};
		08E392F41A64F0B30078446B /* Build configuration list for PBXNativeTarget "LightTests" */ = {
			isa = XCConfigurationList;
			buildConfigurations = (
				08E392F51A64F0B30078446B /* Debug */,
				08E392F61A64F0B30078446B /* Release */,
			);
			defaultConfigurationIsVisible = 0;
		};
/* End XCConfigurationList section */
	};
	rootObject = 08E392CA1A64F0B30078446B /* Project object */;
}
